
Microsoft Visual Studio Solution File, Format Version 12.00
# Visual Studio Version 17
VisualStudioVersion = 17.10.35004.147
MinimumVisualStudioVersion = 10.0.40219.1
Project("{FAE04EC0-301F-11D3-BF4B-00C04F79EFBC}") = "Bai1_PhepTinhCoBan2", "Bai1_PhepTinhCoBan2.csproj", "{B03AF537-E4C0-40C1-AE29-703DA2B92DE9}"
EndProject
Global
	GlobalSection(SolutionConfigurationPlatforms) = preSolution
		Debug|Any CPU = Debug|Any CPU
		Release|Any CPU = Release|Any CPU
	EndGlobalSection
	GlobalSection(ProjectConfigurationPlatforms) = postSolution
		{B03AF537-E4C0-40C1-AE29-703DA2B92DE9}.Debug|Any CPU.ActiveCfg = Debug|Any CPU
		{B03AF537-E4C0-40C1-AE29-703DA2B92DE9}.Debug|Any CPU.Build.0 = Debug|Any CPU
		{B03AF537-E4C0-40C1-AE29-703DA2B92DE9}.Release|Any CPU.ActiveCfg = Release|Any CPU
		{B03AF537-E4C0-40C1-AE29-703DA2B92DE9}.Release|Any CPU.Build.0 = Release|Any CPU
	EndGlobalSection
	GlobalSection(SolutionProperties) = preSolution
		HideSolutionNode = FALSE
	EndGlobalSection
	GlobalSection(ExtensibilityGlobals) = postSolution
		SolutionGuid = {5100A481-8C0E-43CC-BF06-59C0D2A57172}
	EndGlobalSection
EndGlobal
